// !$*UTF8*$!
{
	archiveVersion = 1;
	classes = {
	};
	objectVersion = 50;
	objects = {

/* Begin PBXBuildFile section */
		4845F33C248DCF360024F1E1 /* AppDelegate.swift in Sources */ = {isa = PBXBuildFile; fileRef = 4845F33B248DCF360024F1E1 /* AppDelegate.swift */; };
		4845F33E248DCF360024F1E1 /* SceneDelegate.swift in Sources */ = {isa = PBXBuildFile; fileRef = 4845F33D248DCF360024F1E1 /* SceneDelegate.swift */; };
		4845F340248DCF360024F1E1 /* ContentView.swift in Sources */ = {isa = PBXBuildFile; fileRef = 4845F33F248DCF360024F1E1 /* ContentView.swift */; };
		4845F342248DCF380024F1E1 /* Assets.xcassets in Resources */ = {isa = PBXBuildFile; fileRef = 4845F341248DCF380024F1E1 /* Assets.xcassets */; };
		4845F345248DCF380024F1E1 /* Preview Assets.xcassets in Resources */ = {isa = PBXBuildFile; fileRef = 4845F344248DCF380024F1E1 /* Preview Assets.xcassets */; };
		4845F348248DCF380024F1E1 /* LaunchScreen.storyboard in Resources */ = {isa = PBXBuildFile; fileRef = 4845F346248DCF380024F1E1 /* LaunchScreen.storyboard */; };
		4845F356248E245E0024F1E1 /* BeaconDetector.swift in Sources */ = {isa = PBXBuildFile; fileRef = 4845F355248E245E0024F1E1 /* BeaconDetector.swift */; };
		4845F358248E278F0024F1E1 /* NotificationService.swift in Sources */ = {isa = PBXBuildFile; fileRef = 4845F357248E278F0024F1E1 /* NotificationService.swift */; };
		4845F35A248E2C270024F1E1 /* SessionController.swift in Sources */ = {isa = PBXBuildFile; fileRef = 4845F359248E2C270024F1E1 /* SessionController.swift */; };
/* End PBXBuildFile section */

/* Begin PBXFileReference section */
		4845F338248DCF360024F1E1 /* iForget.app */ = {isa = PBXFileReference; explicitFileType = wrapper.application; includeInIndex = 0; path = iForget.app; sourceTree = BUILT_PRODUCTS_DIR; };
		4845F33B248DCF360024F1E1 /* AppDelegate.swift */ = {isa = PBXFileReference; lastKnownFileType = sourcecode.swift; path = AppDelegate.swift; sourceTree = "<group>"; };
		4845F33D248DCF360024F1E1 /* SceneDelegate.swift */ = {isa = PBXFileReference; lastKnownFileType = sourcecode.swift; path = SceneDelegate.swift; sourceTree = "<group>"; };
		4845F33F248DCF360024F1E1 /* ContentView.swift */ = {isa = PBXFileReference; lastKnownFileType = sourcecode.swift; path = ContentView.swift; sourceTree = "<group>"; };
		4845F341248DCF380024F1E1 /* Assets.xcassets */ = {isa = PBXFileReference; lastKnownFileType = folder.assetcatalog; path = Assets.xcassets; sourceTree = "<group>"; };
		4845F344248DCF380024F1E1 /* Preview Assets.xcassets */ = {isa = PBXFileReference; lastKnownFileType = folder.assetcatalog; path = "Preview Assets.xcassets"; sourceTree = "<group>"; };
		4845F347248DCF380024F1E1 /* Base */ = {isa = PBXFileReference; lastKnownFileType = file.storyboard; name = Base; path = Base.lproj/LaunchScreen.storyboard; sourceTree = "<group>"; };
		4845F349248DCF380024F1E1 /* Info.plist */ = {isa = PBXFileReference; lastKnownFileType = text.plist.xml; path = Info.plist; sourceTree = "<group>"; };
		4845F355248E245E0024F1E1 /* BeaconDetector.swift */ = {isa = PBXFileReference; lastKnownFileType = sourcecode.swift; path = BeaconDetector.swift; sourceTree = "<group>"; };
		4845F357248E278F0024F1E1 /* NotificationService.swift */ = {isa = PBXFileReference; lastKnownFileType = sourcecode.swift; path = NotificationService.swift; sourceTree = "<group>"; };
		4845F359248E2C270024F1E1 /* SessionController.swift */ = {isa = PBXFileReference; lastKnownFileType = sourcecode.swift; path = SessionController.swift; sourceTree = "<group>"; };
/* End PBXFileReference section */

/* Begin PBXFrameworksBuildPhase section */
		4845F335248DCF360024F1E1 /* Frameworks */ = {
			isa = PBXFrameworksBuildPhase;
			buildActionMask = 2147483647;
			files = (
			);
			runOnlyForDeploymentPostprocessing = 0;
		};
/* End PBXFrameworksBuildPhase section */

/* Begin PBXGroup section */
		4845F32F248DCF360024F1E1 = {
			isa = PBXGroup;
			children = (
				4845F33A248DCF360024F1E1 /* iForget */,
				4845F339248DCF360024F1E1 /* Products */,
			);
			sourceTree = "<group>";
		};
		4845F339248DCF360024F1E1 /* Products */ = {
			isa = PBXGroup;
			children = (
				4845F338248DCF360024F1E1 /* iForget.app */,
			);
			name = Products;
			sourceTree = "<group>";
		};
		4845F33A248DCF360024F1E1 /* iForget */ = {
			isa = PBXGroup;
			children = (
				4845F33B248DCF360024F1E1 /* AppDelegate.swift */,
				4845F33D248DCF360024F1E1 /* SceneDelegate.swift */,
				4845F33F248DCF360024F1E1 /* ContentView.swift */,
				4845F355248E245E0024F1E1 /* BeaconDetector.swift */,
				4845F357248E278F0024F1E1 /* NotificationService.swift */,
				4845F341248DCF380024F1E1 /* Assets.xcassets */,
				4845F346248DCF380024F1E1 /* LaunchScreen.storyboard */,
				4845F349248DCF380024F1E1 /* Info.plist */,
				4845F343248DCF380024F1E1 /* Preview Content */,
				4845F359248E2C270024F1E1 /* SessionController.swift */,
			);
			path = iForget;
			sourceTree = "<group>";
		};
		4845F343248DCF380024F1E1 /* Preview Content */ = {
			isa = PBXGroup;
			children = (
				4845F344248DCF380024F1E1 /* Preview Assets.xcassets */,
			);
			path = "Preview Content";
			sourceTree = "<group>";
		};
/* End PBXGroup section */

/* Begin PBXNativeTarget section */
		4845F337248DCF360024F1E1 /* iForget */ = {
			isa = PBXNativeTarget;
			buildConfigurationList = 4845F34C248DCF380024F1E1 /* Build configuration list for PBXNativeTarget "iForget" */;
			buildPhases = (
				4845F334248DCF360024F1E1 /* Sources */,
				4845F335248DCF360024F1E1 /* Frameworks */,
				4845F336248DCF360024F1E1 /* Resources */,
			);
			buildRules = (
			);
			dependencies = (
			);
			name = iForget;
			productName = iForget;
			productReference = 4845F338248DCF360024F1E1 /* iForget.app */;
			productType = "com.apple.product-type.application";
		};
/* End PBXNativeTarget section */

/* Begin PBXProject section */
		4845F330248DCF360024F1E1 /* Project object */ = {
			isa = PBXProject;
			attributes = {
				LastSwiftUpdateCheck = 1150;
				LastUpgradeCheck = 1150;
				ORGANIZATIONNAME = Rainlab;
				TargetAttributes = {
					4845F337248DCF360024F1E1 = {
						CreatedOnToolsVersion = 11.5;
					};
				};
			};
			buildConfigurationList = 4845F333248DCF360024F1E1 /* Build configuration list for PBXProject "iForget" */;
			compatibilityVersion = "Xcode 9.3";
			developmentRegion = en;
			hasScannedForEncodings = 0;
			knownRegions = (
				en,
				Base,
			);
			mainGroup = 4845F32F248DCF360024F1E1;
			productRefGroup = 4845F339248DCF360024F1E1 /* Products */;
			projectDirPath = "";
			projectRoot = "";
			targets = (
				4845F337248DCF360024F1E1 /* iForget */,
			);
		};
/* End PBXProject section */

/* Begin PBXResourcesBuildPhase section */
		4845F336248DCF360024F1E1 /* Resources */ = {
			isa = PBXResourcesBuildPhase;
			buildActionMask = 2147483647;
			files = (
				4845F348248DCF380024F1E1 /* LaunchScreen.storyboard in Resources */,
				4845F345248DCF380024F1E1 /* Preview Assets.xcassets in Resources */,
				4845F342248DCF380024F1E1 /* Assets.xcassets in Resources */,
			);
			runOnlyForDeploymentPostprocessing = 0;
		};
/* End PBXResourcesBuildPhase section */

/* Begin PBXSourcesBuildPhase section */
		4845F334248DCF360024F1E1 /* Sources */ = {
			isa = PBXSourcesBuildPhase;
			buildActionMask = 2147483647;
			files = (
				4845F33C248DCF360024F1E1 /* AppDelegate.swift in Sources */,
				4845F356248E245E0024F1E1 /* BeaconDetector.swift in Sources */,
				4845F33E248DCF360024F1E1 /* SceneDelegate.swift in Sources */,
				4845F358248E278F0024F1E1 /* NotificationService.swift in Sources */,
				4845F35A248E2C270024F1E1 /* SessionController.swift in Sources */,
				4845F340248DCF360024F1E1 /* ContentView.swift in Sources */,
			);
			runOnlyForDeploymentPostprocessing = 0;
		};
/* End PBXSourcesBuildPhase section */

/* Begin PBXVariantGroup section */
		4845F346248DCF380024F1E1 /* LaunchScreen.storyboard */ = {
			isa = PBXVariantGroup;
			children = (
				4845F347248DCF380024F1E1 /* Base */,
			);
			name = LaunchScreen.storyboard;
			sourceTree = "<group>";
		};
/* End PBXVariantGroup section */

/* Begin XCBuildConfiguration section */
		4845F34A248DCF380024F1E1 /* Debug */ = {
			isa = XCBuildConfiguration;
			buildSettings = {
				ALWAYS_SEARCH_USER_PATHS = NO;
				CLANG_ANALYZER_NONNULL = YES;
				CLANG_ANALYZER_NUMBER_OBJECT_CONVERSION = YES_AGGRESSIVE;
				CLANG_CXX_LANGUAGE_STANDARD = "gnu++14";
				CLANG_CXX_LIBRARY = "libc++";
				CLANG_ENABLE_MODULES = YES;
				CLANG_ENABLE_OBJC_ARC = YES;
				CLANG_ENABLE_OBJC_WEAK = YES;
				CLANG_WARN_BLOCK_CAPTURE_AUTORELEASING = YES;
				CLANG_WARN_BOOL_CONVERSION = YES;
				CLANG_WARN_COMMA = YES;
				CLANG_WARN_CONSTANT_CONVERSION = YES;
				CLANG_WARN_DEPRECATED_OBJC_IMPLEMENTATIONS = YES;
				CLANG_WARN_DIRECT_OBJC_ISA_USAGE = YES_ERROR;
				CLANG_WARN_DOCUMENTATION_COMMENTS = YES;
				CLANG_WARN_EMPTY_BODY = YES;
				CLANG_WARN_ENUM_CONVERSION = YES;
				CLANG_WARN_INFINITE_RECURSION = YES;
				CLANG_WARN_INT_CONVERSION = YES;
				CLANG_WARN_NON_LITERAL_NULL_CONVERSION = YES;
				CLANG_WARN_OBJC_IMPLICIT_RETAIN_SELF = YES;
				CLANG_WARN_OBJC_LITERAL_CONVERSION = YES;
				CLANG_WARN_OBJC_ROOT_CLASS = YES_ERROR;
				CLANG_WARN_RANGE_LOOP_ANALYSIS = YES;
				CLANG_WARN_STRICT_PROTOTYPES = YES;
				CLANG_WARN_SUSPICIOUS_MOVE = YES;
				CLANG_WARN_UNGUARDED_AVAILABILITY = YES_AGGRESSIVE;
				CLANG_WARN_UNREACHABLE_CODE = YES;
				CLANG_WARN__DUPLICATE_METHOD_MATCH = YES;
				COPY_PHASE_STRIP = NO;
				DEBUG_INFORMATION_FORMAT = dwarf;
				ENABLE_STRICT_OBJC_MSGSEND = YES;
				ENABLE_TESTABILITY = YES;
				GCC_C_LANGUAGE_STANDARD = gnu11;
				GCC_DYNAMIC_NO_PIC = NO;
				GCC_NO_COMMON_BLOCKS = YES;
				GCC_OPTIMIZATION_LEVEL = 0;
				GCC_PREPROCESSOR_DEFINITIONS = (
					"DEBUG=1",
					"$(inherited)",
				);
				GCC_WARN_64_TO_32_BIT_CONVERSION = YES;
				GCC_WARN_ABOUT_RETURN_TYPE = YES_ERROR;
				GCC_WARN_UNDECLARED_SELECTOR = YES;
				GCC_WARN_UNINITIALIZED_AUTOS = YES_AGGRESSIVE;
				GCC_WARN_UNUSED_FUNCTION = YES;
				GCC_WARN_UNUSED_VARIABLE = YES;
				IPHONEOS_DEPLOYMENT_TARGET = 13.5;
				MTL_ENABLE_DEBUG_INFO = INCLUDE_SOURCE;
				MTL_FAST_MATH = YES;
				ONLY_ACTIVE_ARCH = YES;
				SDKROOT = iphoneos;
				SWIFT_ACTIVE_COMPILATION_CONDITIONS = DEBUG;
				SWIFT_OPTIMIZATION_LEVEL = "-Onone";
			};
			name = Debug;
		};
		4845F34B248DCF380024F1E1 /* Release */ = {
			isa = XCBuildConfiguration;
			buildSettings = {
				ALWAYS_SEARCH_USER_PATHS = NO;
				CLANG_ANALYZER_NONNULL = YES;
				CLANG_ANALYZER_NUMBER_OBJECT_CONVERSION = YES_AGGRESSIVE;
				CLANG_CXX_LANGUAGE_STANDARD = "gnu++14";
				CLANG_CXX_LIBRARY = "libc++";
				CLANG_ENABLE_MODULES = YES;
				CLANG_ENABLE_OBJC_ARC = YES;
				CLANG_ENABLE_OBJC_WEAK = YES;
				CLANG_WARN_BLOCK_CAPTURE_AUTORELEASING = YES;
				CLANG_WARN_BOOL_CONVERSION = YES;
				CLANG_WARN_COMMA = YES;
				CLANG_WARN_CONSTANT_CONVERSION = YES;
				CLANG_WARN_DEPRECATED_OBJC_IMPLEMENTATIONS = YES;
				CLANG_WARN_DIRECT_OBJC_ISA_USAGE = YES_ERROR;
				CLANG_WARN_DOCUMENTATION_COMMENTS = YES;
				CLANG_WARN_EMPTY_BODY = YES;
				CLANG_WARN_ENUM_CONVERSION = YES;
				CLANG_WARN_INFINITE_RECURSION = YES;
				CLANG_WARN_INT_CONVERSION = YES;
				CLANG_WARN_NON_LITERAL_NULL_CONVERSION = YES;
				CLANG_WARN_OBJC_IMPLICIT_RETAIN_SELF = YES;
				CLANG_WARN_OBJC_LITERAL_CONVERSION = YES;
				CLANG_WARN_OBJC_ROOT_CLASS = YES_ERROR;
				CLANG_WARN_RANGE_LOOP_ANALYSIS = YES;
				CLANG_WARN_STRICT_PROTOTYPES = YES;
				CLANG_WARN_SUSPICIOUS_MOVE = YES;
				CLANG_WARN_UNGUARDED_AVAILABILITY = YES_AGGRESSIVE;
				CLANG_WARN_UNREACHABLE_CODE = YES;
				CLANG_WARN__DUPLICATE_METHOD_MATCH = YES;
				COPY_PHASE_STRIP = NO;
				DEBUG_INFORMATION_FORMAT = "dwarf-with-dsym";
				ENABLE_NS_ASSERTIONS = NO;
				ENABLE_STRICT_OBJC_MSGSEND = YES;
				GCC_C_LANGUAGE_STANDARD = gnu11;
				GCC_NO_COMMON_BLOCKS = YES;
				GCC_WARN_64_TO_32_BIT_CONVERSION = YES;
				GCC_WARN_ABOUT_RETURN_TYPE = YES_ERROR;
				GCC_WARN_UNDECLARED_SELECTOR = YES;
				GCC_WARN_UNINITIALIZED_AUTOS = YES_AGGRESSIVE;
				GCC_WARN_UNUSED_FUNCTION = YES;
				GCC_WARN_UNUSED_VARIABLE = YES;
				IPHONEOS_DEPLOYMENT_TARGET = 13.5;
				MTL_ENABLE_DEBUG_INFO = NO;
				MTL_FAST_MATH = YES;
				SDKROOT = iphoneos;
				SWIFT_COMPILATION_MODE = wholemodule;
				SWIFT_OPTIMIZATION_LEVEL = "-O";
				VALIDATE_PRODUCT = YES;
			};
			name = Release;
		};
		4845F34D248DCF380024F1E1 /* Debug */ = {
			isa = XCBuildConfiguration;
			buildSettings = {
				ASSETCATALOG_COMPILER_APPICON_NAME = AppIcon;
				CODE_SIGN_STYLE = Automatic;
				DEVELOPMENT_ASSET_PATHS = "\"iForget/Preview Content\"";
				DEVELOPMENT_TEAM = 35HZ3WVY79;
				ENABLE_PREVIEWS = YES;
				INFOPLIST_FILE = iForget/Info.plist;
				LD_RUNPATH_SEARCH_PATHS = (
					"$(inherited)",
					"@executable_path/Frameworks",
				);
				PRODUCT_BUNDLE_IDENTIFIER = "-.iForget";
				PRODUCT_NAME = "$(TARGET_NAME)";
				SWIFT_VERSION = 5.0;
				TARGETED_DEVICE_FAMILY = "1,2";
			};
			name = Debug;
		};
		4845F34E248DCF380024F1E1 /* Release */ = {
			isa = XCBuildConfiguration;
			buildSettings = {
				ASSETCATALOG_COMPILER_APPICON_NAME = AppIcon;
				CODE_SIGN_STYLE = Automatic;
				DEVELOPMENT_ASSET_PATHS = "\"iForget/Preview Content\"";
				DEVELOPMENT_TEAM = 35HZ3WVY79;
				ENABLE_PREVIEWS = YES;
				INFOPLIST_FILE = iForget/Info.plist;
				LD_RUNPATH_SEARCH_PATHS = (
					"$(inherited)",
					"@executable_path/Frameworks",
				);
				PRODUCT_BUNDLE_IDENTIFIER = "-.iForget";
				PRODUCT_NAME = "$(TARGET_NAME)";
				SWIFT_VERSION = 5.0;
				TARGETED_DEVICE_FAMILY = "1,2";
			};
			name = Release;
		};
/* End XCBuildConfiguration section */

/* Begin XCConfigurationList section */
		4845F333248DCF360024F1E1 /* Build configuration list for PBXProject "iForget" */ = {
			isa = XCConfigurationList;
			buildConfigurations = (
				4845F34A248DCF380024F1E1 /* Debug */,
				4845F34B248DCF380024F1E1 /* Release */,
			);
			defaultConfigurationIsVisible = 0;
			defaultConfigurationName = Release;
		};
		4845F34C248DCF380024F1E1 /* Build configuration list for PBXNativeTarget "iForget" */ = {
			isa = XCConfigurationList;
			buildConfigurations = (
				4845F34D248DCF380024F1E1 /* Debug */,
				4845F34E248DCF380024F1E1 /* Release */,
			);
			defaultConfigurationIsVisible = 0;
			defaultConfigurationName = Release;
		};
/* End XCConfigurationList section */
	};
	rootObject = 4845F330248DCF360024F1E1 /* Project object */;
}
